
Microsoft Visual Studio Solution File, Format Version 12.00
# Visual Studio 15
VisualStudioVersion = 15.0.28010.2046
MinimumVisualStudioVersion = 10.0.40219.1
Project("{FAE04EC0-301F-11D3-BF4B-00C04F79EFBC}") = "WebApplication1", "WebApplication1\WebApplication1.csproj", "{7438B65B-3BBB-4816-9D46-7F170BF4A930}"
EndProject
Global
	GlobalSection(SolutionConfigurationPlatforms) = preSolution
		Debug|Any CPU = Debug|Any CPU
		Release|Any CPU = Release|Any CPU
	EndGlobalSection
	GlobalSection(ProjectConfigurationPlatforms) = postSolution
		{7438B65B-3BBB-4816-9D46-7F170BF4A930}.Debug|Any CPU.ActiveCfg = Debug|Any CPU
		{7438B65B-3BBB-4816-9D46-7F170BF4A930}.Debug|Any CPU.Build.0 = Debug|Any CPU
		{7438B65B-3BBB-4816-9D46-7F170BF4A930}.Release|Any CPU.ActiveCfg = Release|Any CPU
		{7438B65B-3BBB-4816-9D46-7F170BF4A930}.Release|Any CPU.Build.0 = Release|Any CPU
	EndGlobalSection
	GlobalSection(SolutionProperties) = preSolution
		HideSolutionNode = FALSE
	EndGlobalSection
	GlobalSection(ExtensibilityGlobals) = postSolution
		SolutionGuid = {8112CA26-F219-4D42-80A8-E0C780BC443E}
	EndGlobalSection
EndGlobal
